
Microsoft Visual Studio Solution File, Format Version 10.00
# Visual Studio 2008
Project("{FAE04EC0-301F-11D3-BF4B-00C04F79EFBC}") = "BRI_button_test", "BRI_button_test\BRI_button_test.csproj", "{B81C23BF-3E31-4259-AE64-0F77CDB9745A}"
EndProject
Global
	GlobalSection(SolutionConfigurationPlatforms) = preSolution
		Debug|Any CPU = Debug|Any CPU
		Release|Any CPU = Release|Any CPU
	EndGlobalSection
	GlobalSection(ProjectConfigurationPlatforms) = postSolution
		{B81C23BF-3E31-4259-AE64-0F77CDB9745A}.Debug|Any CPU.ActiveCfg = Debug|Any CPU
		{B81C23BF-3E31-4259-AE64-0F77CDB9745A}.Debug|Any CPU.Build.0 = Debug|Any CPU
		{B81C23BF-3E31-4259-AE64-0F77CDB9745A}.Debug|Any CPU.Deploy.0 = Debug|Any CPU
		{B81C23BF-3E31-4259-AE64-0F77CDB9745A}.Release|Any CPU.ActiveCfg = Release|Any CPU
		{B81C23BF-3E31-4259-AE64-0F77CDB9745A}.Release|Any CPU.Build.0 = Release|Any CPU
		{B81C23BF-3E31-4259-AE64-0F77CDB9745A}.Release|Any CPU.Deploy.0 = Release|Any CPU
	EndGlobalSection
	GlobalSection(SolutionProperties) = preSolution
		HideSolutionNode = FALSE
	EndGlobalSection
EndGlobal
